
Microsoft Visual Studio Solution File, Format Version 12.00
# Visual Studio Version 17
VisualStudioVersion = 17.7.34024.191
MinimumVisualStudioVersion = 10.0.40219.1
Project("{2150E333-8FDC-42A3-9474-1A3956D46DE8}") = "src", "src", "{92C87A4E-1511-4C95-B436-A447091A03C0}"
EndProject
Project("{9A19103F-16F7-4668-BE54-9A1E7A4F7556}") = "UserManagement.EntityFramework", "src\UserManagement.EntityFramework\UserManagement.EntityFramework.csproj", "{C8509307-157E-4A3E-BFD9-172840B88EFE}"
EndProject
Project("{9A19103F-16F7-4668-BE54-9A1E7A4F7556}") = "UserManagement.WebApi", "src\UserManagement.WebApi\UserManagement.WebApi.csproj", "{9804CC3E-DC1F-4B88-BA8A-EBE9A91FB60E}"
EndProject
Global
	GlobalSection(SolutionConfigurationPlatforms) = preSolution
		Debug|Any CPU = Debug|Any CPU
		Release|Any CPU = Release|Any CPU
	EndGlobalSection
	GlobalSection(ProjectConfigurationPlatforms) = postSolution
		{C8509307-157E-4A3E-BFD9-172840B88EFE}.Debug|Any CPU.ActiveCfg = Debug|Any CPU
		{C8509307-157E-4A3E-BFD9-172840B88EFE}.Debug|Any CPU.Build.0 = Debug|Any CPU
		{C8509307-157E-4A3E-BFD9-172840B88EFE}.Release|Any CPU.ActiveCfg = Release|Any CPU
		{C8509307-157E-4A3E-BFD9-172840B88EFE}.Release|Any CPU.Build.0 = Release|Any CPU
		{9804CC3E-DC1F-4B88-BA8A-EBE9A91FB60E}.Debug|Any CPU.ActiveCfg = Debug|Any CPU
		{9804CC3E-DC1F-4B88-BA8A-EBE9A91FB60E}.Debug|Any CPU.Build.0 = Debug|Any CPU
		{9804CC3E-DC1F-4B88-BA8A-EBE9A91FB60E}.Release|Any CPU.ActiveCfg = Release|Any CPU
		{9804CC3E-DC1F-4B88-BA8A-EBE9A91FB60E}.Release|Any CPU.Build.0 = Release|Any CPU
	EndGlobalSection
	GlobalSection(SolutionProperties) = preSolution
		HideSolutionNode = FALSE
	EndGlobalSection
	GlobalSection(NestedProjects) = preSolution
		{C8509307-157E-4A3E-BFD9-172840B88EFE} = {92C87A4E-1511-4C95-B436-A447091A03C0}
		{9804CC3E-DC1F-4B88-BA8A-EBE9A91FB60E} = {92C87A4E-1511-4C95-B436-A447091A03C0}
	EndGlobalSection
	GlobalSection(ExtensibilityGlobals) = postSolution
		SolutionGuid = {4642AAA6-90E7-4E1D-BF49-A11E77504A11}
	EndGlobalSection
EndGlobal
